
Microsoft Visual Studio Solution File, Format Version 12.00
# Visual Studio Version 16
VisualStudioVersion = 16.0.29728.190
MinimumVisualStudioVersion = 10.0.40219.1
Project("{FAE04EC0-301F-11D3-BF4B-00C04F79EFBC}") = "receiveemail", "receiveemail.csproj", "{9E46C5FB-69CF-46B1-9C50-C9DDC22B4241}"
EndProject
Global
	GlobalSection(SolutionConfigurationPlatforms) = preSolution
		Debug|Any CPU = Debug|Any CPU
		Release|Any CPU = Release|Any CPU
	EndGlobalSection
	GlobalSection(ProjectConfigurationPlatforms) = postSolution
		{9E46C5FB-69CF-46B1-9C50-C9DDC22B4241}.Debug|Any CPU.ActiveCfg = Debug|Any CPU
		{9E46C5FB-69CF-46B1-9C50-C9DDC22B4241}.Debug|Any CPU.Build.0 = Debug|Any CPU
		{9E46C5FB-69CF-46B1-9C50-C9DDC22B4241}.Release|Any CPU.ActiveCfg = Release|Any CPU
		{9E46C5FB-69CF-46B1-9C50-C9DDC22B4241}.Release|Any CPU.Build.0 = Release|Any CPU
	EndGlobalSection
	GlobalSection(SolutionProperties) = preSolution
		HideSolutionNode = FALSE
	EndGlobalSection
	GlobalSection(ExtensibilityGlobals) = postSolution
		SolutionGuid = {99221BEE-0BC7-402F-BED9-B48515CC26E0}
	EndGlobalSection
EndGlobal
